
Microsoft Visual Studio Solution File, Format Version 12.00
# Visual Studio Version 16
VisualStudioVersion = 16.0.30907.101
MinimumVisualStudioVersion = 10.0.40219.1
Project("{FAE04EC0-301F-11D3-BF4B-00C04F79EFBC}") = "LinqProject", "LinqProject\LinqProject.csproj", "{1B76DC5F-478F-467E-8EA6-AC334D4B3618}"
EndProject
Global
	GlobalSection(SolutionConfigurationPlatforms) = preSolution
		Debug|Any CPU = Debug|Any CPU
		Release|Any CPU = Release|Any CPU
	EndGlobalSection
	GlobalSection(ProjectConfigurationPlatforms) = postSolution
		{1B76DC5F-478F-467E-8EA6-AC334D4B3618}.Debug|Any CPU.ActiveCfg = Debug|Any CPU
		{1B76DC5F-478F-467E-8EA6-AC334D4B3618}.Debug|Any CPU.Build.0 = Debug|Any CPU
		{1B76DC5F-478F-467E-8EA6-AC334D4B3618}.Release|Any CPU.ActiveCfg = Release|Any CPU
		{1B76DC5F-478F-467E-8EA6-AC334D4B3618}.Release|Any CPU.Build.0 = Release|Any CPU
	EndGlobalSection
	GlobalSection(SolutionProperties) = preSolution
		HideSolutionNode = FALSE
	EndGlobalSection
	GlobalSection(ExtensibilityGlobals) = postSolution
		SolutionGuid = {49088316-14C0-41BD-8F06-FF9E87D230D4}
	EndGlobalSection
EndGlobal
